# This file is autogenerated, do not edit; changes may be undone by the next 'dep ensure'.


[[projects]]
  branch = "master"
  name = "github.com/starwander/GoFibonacciHeap"
  packages = ["."]
  revision = "b028a560d3aedc631388213f2f501634df1558e1"

[solve-meta]
  analyzer-name = "dep"
  analyzer-version = 1
  inputs-digest = "64422e10894dae9c8f3674e69318cf843b384f639c1f54cbde105d670fa3d4fd"
  solver-name = "gps-cdcl"
  solver-version = 1
